
Microsoft Visual Studio Solution File, Format Version 12.00
# Visual Studio Version 16
VisualStudioVersion = 16.0.31205.134
MinimumVisualStudioVersion = 10.0.40219.1
Project("{FAE04EC0-301F-11D3-BF4B-00C04F79EFBC}") = "QRCodeGenerator", "QRCodeGenerator.csproj", "{EE1118FA-AA6C-40BD-99A5-E61610B6A758}"
EndProject
Global
	GlobalSection(SolutionConfigurationPlatforms) = preSolution
		Debug|Any CPU = Debug|Any CPU
		Release|Any CPU = Release|Any CPU
	EndGlobalSection
	GlobalSection(ProjectConfigurationPlatforms) = postSolution
		{EE1118FA-AA6C-40BD-99A5-E61610B6A758}.Debug|Any CPU.ActiveCfg = Debug|Any CPU
		{EE1118FA-AA6C-40BD-99A5-E61610B6A758}.Debug|Any CPU.Build.0 = Debug|Any CPU
		{EE1118FA-AA6C-40BD-99A5-E61610B6A758}.Release|Any CPU.ActiveCfg = Release|Any CPU
		{EE1118FA-AA6C-40BD-99A5-E61610B6A758}.Release|Any CPU.Build.0 = Release|Any CPU
	EndGlobalSection
	GlobalSection(SolutionProperties) = preSolution
		HideSolutionNode = FALSE
	EndGlobalSection
	GlobalSection(ExtensibilityGlobals) = postSolution
		SolutionGuid = {BDE7641F-E489-4B2C-A583-DD6DB66C0464}
	EndGlobalSection
EndGlobal
